
Microsoft Visual Studio Solution File, Format Version 12.00
# Visual Studio 2012
Project("{FAE04EC0-301F-11D3-BF4B-00C04F79EFBC}") = "MPM.Web", "MPM\MPM.Web.csproj", "{BF9F6FE9-E23A-4A57-99BE-6142E13E2A3D}"
EndProject
Project("{FAE04EC0-301F-11D3-BF4B-00C04F79EFBC}") = "MPM.Tests", "MPM.Tests\MPM.Tests.csproj", "{94F25666-4672-4611-9E1B-AF1B4D281439}"
EndProject
Project("{FAE04EC0-301F-11D3-BF4B-00C04F79EFBC}") = "MPM.Dominio", "MPM.Dominio\MPM.Dominio.csproj", "{6954F2C9-B9DA-4435-8493-868A52E4A42E}"
EndProject
Project("{FAE04EC0-301F-11D3-BF4B-00C04F79EFBC}") = "MPM.Infra", "MPM.Infra\MPM.Infra.csproj", "{CE08AC83-3954-4A8E-A9C5-B235A807697D}"
EndProject
Global
	GlobalSection(SolutionConfigurationPlatforms) = preSolution
		Debug|Any CPU = Debug|Any CPU
		Release|Any CPU = Release|Any CPU
	EndGlobalSection
	GlobalSection(ProjectConfigurationPlatforms) = postSolution
		{BF9F6FE9-E23A-4A57-99BE-6142E13E2A3D}.Debug|Any CPU.ActiveCfg = Debug|Any CPU
		{BF9F6FE9-E23A-4A57-99BE-6142E13E2A3D}.Debug|Any CPU.Build.0 = Debug|Any CPU
		{BF9F6FE9-E23A-4A57-99BE-6142E13E2A3D}.Release|Any CPU.ActiveCfg = Release|Any CPU
		{BF9F6FE9-E23A-4A57-99BE-6142E13E2A3D}.Release|Any CPU.Build.0 = Release|Any CPU
		{94F25666-4672-4611-9E1B-AF1B4D281439}.Debug|Any CPU.ActiveCfg = Debug|Any CPU
		{94F25666-4672-4611-9E1B-AF1B4D281439}.Debug|Any CPU.Build.0 = Debug|Any CPU
		{94F25666-4672-4611-9E1B-AF1B4D281439}.Release|Any CPU.ActiveCfg = Release|Any CPU
		{94F25666-4672-4611-9E1B-AF1B4D281439}.Release|Any CPU.Build.0 = Release|Any CPU
		{6954F2C9-B9DA-4435-8493-868A52E4A42E}.Debug|Any CPU.ActiveCfg = Debug|Any CPU
		{6954F2C9-B9DA-4435-8493-868A52E4A42E}.Debug|Any CPU.Build.0 = Debug|Any CPU
		{6954F2C9-B9DA-4435-8493-868A52E4A42E}.Release|Any CPU.ActiveCfg = Release|Any CPU
		{6954F2C9-B9DA-4435-8493-868A52E4A42E}.Release|Any CPU.Build.0 = Release|Any CPU
		{CE08AC83-3954-4A8E-A9C5-B235A807697D}.Debug|Any CPU.ActiveCfg = Debug|Any CPU
		{CE08AC83-3954-4A8E-A9C5-B235A807697D}.Debug|Any CPU.Build.0 = Debug|Any CPU
		{CE08AC83-3954-4A8E-A9C5-B235A807697D}.Release|Any CPU.ActiveCfg = Release|Any CPU
		{CE08AC83-3954-4A8E-A9C5-B235A807697D}.Release|Any CPU.Build.0 = Release|Any CPU
	EndGlobalSection
	GlobalSection(SolutionProperties) = preSolution
		HideSolutionNode = FALSE
	EndGlobalSection
EndGlobal
